
Microsoft Visual Studio Solution File, Format Version 12.00
Project("{FAE04EC0-301F-11D3-BF4B-00C04F79EFBC}") = "LabFloor", "LabFloor\LabFloor.csproj", "{D093A380-B04E-434A-AC6A-974A7A972003}"
EndProject
Project("{FAE04EC0-301F-11D3-BF4B-00C04F79EFBC}") = "Models", "Models\Models.csproj", "{35B36723-85B5-40F0-9A17-EB47836A14D9}"
EndProject
Global
	GlobalSection(SolutionConfigurationPlatforms) = preSolution
		Debug|Any CPU = Debug|Any CPU
		Release|Any CPU = Release|Any CPU
	EndGlobalSection
	GlobalSection(ProjectConfigurationPlatforms) = postSolution
		{D093A380-B04E-434A-AC6A-974A7A972003}.Debug|Any CPU.ActiveCfg = Debug|Any CPU
		{D093A380-B04E-434A-AC6A-974A7A972003}.Debug|Any CPU.Build.0 = Debug|Any CPU
		{D093A380-B04E-434A-AC6A-974A7A972003}.Release|Any CPU.ActiveCfg = Release|Any CPU
		{D093A380-B04E-434A-AC6A-974A7A972003}.Release|Any CPU.Build.0 = Release|Any CPU
		{35B36723-85B5-40F0-9A17-EB47836A14D9}.Debug|Any CPU.ActiveCfg = Debug|Any CPU
		{35B36723-85B5-40F0-9A17-EB47836A14D9}.Debug|Any CPU.Build.0 = Debug|Any CPU
		{35B36723-85B5-40F0-9A17-EB47836A14D9}.Release|Any CPU.ActiveCfg = Release|Any CPU
		{35B36723-85B5-40F0-9A17-EB47836A14D9}.Release|Any CPU.Build.0 = Release|Any CPU
	EndGlobalSection
EndGlobal
